// !$*UTF8*$!
{
	archiveVersion = 1;
	classes = {
	};
	objectVersion = 56;
	objects = {

/* Begin PBXBuildFile section */
		CE07717B2C295AAC002A95A3 /* DP_PreferencesProtocol.swift in Sources */ = {isa = PBXBuildFile; fileRef = CE07717A2C295AAC002A95A3 /* DP_PreferencesProtocol.swift */; };
		CE07717D2C295ACE002A95A3 /* DP_Preferences.swift in Sources */ = {isa = PBXBuildFile; fileRef = CE07717C2C295ACE002A95A3 /* DP_Preferences.swift */; };
		CE07717F2C295B16002A95A3 /* DP_ConstantUserDefaultsKeys.swift in Sources */ = {isa = PBXBuildFile; fileRef = CE07717E2C295B16002A95A3 /* DP_ConstantUserDefaultsKeys.swift */; };
		CE0771812C295D5A002A95A3 /* DP_CameraHelper.swift in Sources */ = {isa = PBXBuildFile; fileRef = CE0771802C295D5A002A95A3 /* DP_CameraHelper.swift */; };
		CE0771832C296793002A95A3 /* DP_PhotoTableManager.swift in Sources */ = {isa = PBXBuildFile; fileRef = CE0771822C296793002A95A3 /* DP_PhotoTableManager.swift */; };
		CE0771872C296B88002A95A3 /* DP_PhotoCell.swift in Sources */ = {isa = PBXBuildFile; fileRef = CE0771852C296B88002A95A3 /* DP_PhotoCell.swift */; };
		CE0771882C296B88002A95A3 /* DP_PhotoCell.xib in Resources */ = {isa = PBXBuildFile; fileRef = CE0771862C296B88002A95A3 /* DP_PhotoCell.xib */; };
		CE07718A2C29798E002A95A3 /* DP_ReusableCell.swift in Sources */ = {isa = PBXBuildFile; fileRef = CE0771892C29798E002A95A3 /* DP_ReusableCell.swift */; };
		CE07718C2C2979D4002A95A3 /* DP_PhotoModel.swift in Sources */ = {isa = PBXBuildFile; fileRef = CE07718B2C2979D4002A95A3 /* DP_PhotoModel.swift */; };
		CE07718E2C297A22002A95A3 /* DP_ConstantId.swift in Sources */ = {isa = PBXBuildFile; fileRef = CE07718D2C297A22002A95A3 /* DP_ConstantId.swift */; };
		CE0771902C297C08002A95A3 /* DP_PhotoHelper.swift in Sources */ = {isa = PBXBuildFile; fileRef = CE07718F2C297C08002A95A3 /* DP_PhotoHelper.swift */; };
		CE0771922C299C09002A95A3 /* Date+Extension.swift in Sources */ = {isa = PBXBuildFile; fileRef = CE0771912C299C09002A95A3 /* Date+Extension.swift */; };
		CE0771942C29A10E002A95A3 /* DP_BaseCell.swift in Sources */ = {isa = PBXBuildFile; fileRef = CE0771932C29A10E002A95A3 /* DP_BaseCell.swift */; };
		CEE988F42C21B5EB00870D32 /* AppDelegate.swift in Sources */ = {isa = PBXBuildFile; fileRef = CEE988F32C21B5EB00870D32 /* AppDelegate.swift */; };
		CEE988FD2C21B5ED00870D32 /* Assets.xcassets in Resources */ = {isa = PBXBuildFile; fileRef = CEE988FC2C21B5ED00870D32 /* Assets.xcassets */; };
		CEE989002C21B5ED00870D32 /* LaunchScreen.storyboard in Resources */ = {isa = PBXBuildFile; fileRef = CEE988FE2C21B5ED00870D32 /* LaunchScreen.storyboard */; };
		CEE9890A2C22DB5500870D32 /* CoordinatorProtocol.swift in Sources */ = {isa = PBXBuildFile; fileRef = CEE989092C22DB5500870D32 /* CoordinatorProtocol.swift */; };
		CEE989122C230B9000870D32 /* DP_PhotoViewController.swift in Sources */ = {isa = PBXBuildFile; fileRef = CEE989102C230B9000870D32 /* DP_PhotoViewController.swift */; };
		CEE989132C230B9000870D32 /* DP_PhotoViewController.xib in Resources */ = {isa = PBXBuildFile; fileRef = CEE989112C230B9000870D32 /* DP_PhotoViewController.xib */; };
		CEE989162C230C6300870D32 /* DP_TabBarItem.swift in Sources */ = {isa = PBXBuildFile; fileRef = CEE989152C230C6300870D32 /* DP_TabBarItem.swift */; };
		CEE989182C230CBD00870D32 /* DP_CustomTabBar.swift in Sources */ = {isa = PBXBuildFile; fileRef = CEE989172C230CBD00870D32 /* DP_CustomTabBar.swift */; };
		CEE9891B2C230D0B00870D32 /* Block.swift in Sources */ = {isa = PBXBuildFile; fileRef = CEE9891A2C230D0B00870D32 /* Block.swift */; };
		CEE9891E2C230D8300870D32 /* DP_Colors.swift in Sources */ = {isa = PBXBuildFile; fileRef = CEE9891D2C230D8300870D32 /* DP_Colors.swift */; };
		CEE989202C230DD300870D32 /* UIColor+Extensions.swift in Sources */ = {isa = PBXBuildFile; fileRef = CEE9891F2C230DD300870D32 /* UIColor+Extensions.swift */; };
		CEE989222C230F6A00870D32 /* DP_TabBarController.swift in Sources */ = {isa = PBXBuildFile; fileRef = CEE989212C230F6A00870D32 /* DP_TabBarController.swift */; };
		CEE989242C23105800870D32 /* DP_TabBarSelectedItem.swift in Sources */ = {isa = PBXBuildFile; fileRef = CEE989232C23105800870D32 /* DP_TabBarSelectedItem.swift */; };
		CEE989262C23116500870D32 /* DP_TabBarItemType.swift in Sources */ = {isa = PBXBuildFile; fileRef = CEE989252C23116500870D32 /* DP_TabBarItemType.swift */; };
		CEE989282C2311EA00870D32 /* DP_TabbarModels.swift in Sources */ = {isa = PBXBuildFile; fileRef = CEE989272C2311EA00870D32 /* DP_TabbarModels.swift */; };
		CEE9892B2C2314AA00870D32 /* DP_BaseViewController.swift in Sources */ = {isa = PBXBuildFile; fileRef = CEE9892A2C2314AA00870D32 /* DP_BaseViewController.swift */; };
		CEE9892E2C2315A100870D32 /* DP_BaseLoader.swift in Sources */ = {isa = PBXBuildFile; fileRef = CEE9892D2C2315A100870D32 /* DP_BaseLoader.swift */; };
		CEE989302C23160100870D32 /* DP_TitleLabel.swift in Sources */ = {isa = PBXBuildFile; fileRef = CEE9892F2C23160100870D32 /* DP_TitleLabel.swift */; };
		CEE989332C23187400870D32 /* DP_PhotoCoordinator.swift in Sources */ = {isa = PBXBuildFile; fileRef = CEE989322C23187400870D32 /* DP_PhotoCoordinator.swift */; };
		CEE989372C231BAF00870D32 /* DP_StartCoordinator.swift in Sources */ = {isa = PBXBuildFile; fileRef = CEE989362C231BAF00870D32 /* DP_StartCoordinator.swift */; };
		CEE9893A2C242DD900870D32 /* DP_TextCoordinator.swift in Sources */ = {isa = PBXBuildFile; fileRef = CEE989392C242DD900870D32 /* DP_TextCoordinator.swift */; };
		CEE9893E2C242E4D00870D32 /* DP_TextViewController.swift in Sources */ = {isa = PBXBuildFile; fileRef = CEE9893C2C242E4D00870D32 /* DP_TextViewController.swift */; };
		CEE9893F2C242E4D00870D32 /* DP_TextViewController.xib in Resources */ = {isa = PBXBuildFile; fileRef = CEE9893D2C242E4D00870D32 /* DP_TextViewController.xib */; };
		CEE989422C242F5E00870D32 /* DP_CameraCoordinator.swift in Sources */ = {isa = PBXBuildFile; fileRef = CEE989412C242F5E00870D32 /* DP_CameraCoordinator.swift */; };
		CEE989462C242FBD00870D32 /* DP_CameraViewController.swift in Sources */ = {isa = PBXBuildFile; fileRef = CEE989442C242FBD00870D32 /* DP_CameraViewController.swift */; };
		CEE989472C242FBD00870D32 /* DP_CameraViewController.xib in Resources */ = {isa = PBXBuildFile; fileRef = CEE989452C242FBD00870D32 /* DP_CameraViewController.xib */; };
		CEE9894B2C25B57000870D32 /* DP_VideoCaptureManager.swift in Sources */ = {isa = PBXBuildFile; fileRef = CEE9894A2C25B57000870D32 /* DP_VideoCaptureManager.swift */; };
		CEE9894D2C25B6E000870D32 /* H264Encoder.swift in Sources */ = {isa = PBXBuildFile; fileRef = CEE9894C2C25B6E000870D32 /* H264Encoder.swift */; };
		CEE9894F2C26CA8B00870D32 /* DP_VideoManager.swift in Sources */ = {isa = PBXBuildFile; fileRef = CEE9894E2C26CA8B00870D32 /* DP_VideoManager.swift */; };
		CEE989512C26CFC300870D32 /* DP_BroadCastLiveManager.swift in Sources */ = {isa = PBXBuildFile; fileRef = CEE989502C26CFC300870D32 /* DP_BroadCastLiveManager.swift */; };
		CEE989542C26D59500870D32 /* DP_FileManager.swift in Sources */ = {isa = PBXBuildFile; fileRef = CEE989532C26D59500870D32 /* DP_FileManager.swift */; };
		CEE989562C26D5D500870D32 /* DP_DownLoad.swift in Sources */ = {isa = PBXBuildFile; fileRef = CEE989552C26D5D500870D32 /* DP_DownLoad.swift */; };
/* End PBXBuildFile section */

/* Begin PBXFileReference section */
		CE07717A2C295AAC002A95A3 /* DP_PreferencesProtocol.swift */ = {isa = PBXFileReference; lastKnownFileType = sourcecode.swift; path = DP_PreferencesProtocol.swift; sourceTree = "<group>"; };
		CE07717C2C295ACE002A95A3 /* DP_Preferences.swift */ = {isa = PBXFileReference; lastKnownFileType = sourcecode.swift; path = DP_Preferences.swift; sourceTree = "<group>"; };
		CE07717E2C295B16002A95A3 /* DP_ConstantUserDefaultsKeys.swift */ = {isa = PBXFileReference; lastKnownFileType = sourcecode.swift; path = DP_ConstantUserDefaultsKeys.swift; sourceTree = "<group>"; };
		CE0771802C295D5A002A95A3 /* DP_CameraHelper.swift */ = {isa = PBXFileReference; lastKnownFileType = sourcecode.swift; path = DP_CameraHelper.swift; sourceTree = "<group>"; };
		CE0771822C296793002A95A3 /* DP_PhotoTableManager.swift */ = {isa = PBXFileReference; lastKnownFileType = sourcecode.swift; path = DP_PhotoTableManager.swift; sourceTree = "<group>"; };
		CE0771852C296B88002A95A3 /* DP_PhotoCell.swift */ = {isa = PBXFileReference; lastKnownFileType = sourcecode.swift; path = DP_PhotoCell.swift; sourceTree = "<group>"; };
		CE0771862C296B88002A95A3 /* DP_PhotoCell.xib */ = {isa = PBXFileReference; lastKnownFileType = file.xib; path = DP_PhotoCell.xib; sourceTree = "<group>"; };
		CE0771892C29798E002A95A3 /* DP_ReusableCell.swift */ = {isa = PBXFileReference; lastKnownFileType = sourcecode.swift; path = DP_ReusableCell.swift; sourceTree = "<group>"; };
		CE07718B2C2979D4002A95A3 /* DP_PhotoModel.swift */ = {isa = PBXFileReference; lastKnownFileType = sourcecode.swift; path = DP_PhotoModel.swift; sourceTree = "<group>"; };
		CE07718D2C297A22002A95A3 /* DP_ConstantId.swift */ = {isa = PBXFileReference; lastKnownFileType = sourcecode.swift; path = DP_ConstantId.swift; sourceTree = "<group>"; };
		CE07718F2C297C08002A95A3 /* DP_PhotoHelper.swift */ = {isa = PBXFileReference; lastKnownFileType = sourcecode.swift; path = DP_PhotoHelper.swift; sourceTree = "<group>"; };
		CE0771912C299C09002A95A3 /* Date+Extension.swift */ = {isa = PBXFileReference; lastKnownFileType = sourcecode.swift; path = "Date+Extension.swift"; sourceTree = "<group>"; };
		CE0771932C29A10E002A95A3 /* DP_BaseCell.swift */ = {isa = PBXFileReference; lastKnownFileType = sourcecode.swift; path = DP_BaseCell.swift; sourceTree = "<group>"; };
		CEE988F02C21B5EB00870D32 /* Docs and Photo Translator.app */ = {isa = PBXFileReference; explicitFileType = wrapper.application; includeInIndex = 0; path = "Docs and Photo Translator.app"; sourceTree = BUILT_PRODUCTS_DIR; };
		CEE988F32C21B5EB00870D32 /* AppDelegate.swift */ = {isa = PBXFileReference; lastKnownFileType = sourcecode.swift; path = AppDelegate.swift; sourceTree = "<group>"; };
		CEE988FC2C21B5ED00870D32 /* Assets.xcassets */ = {isa = PBXFileReference; lastKnownFileType = folder.assetcatalog; path = Assets.xcassets; sourceTree = "<group>"; };
		CEE988FF2C21B5ED00870D32 /* Base */ = {isa = PBXFileReference; lastKnownFileType = file.storyboard; name = Base; path = Base.lproj/LaunchScreen.storyboard; sourceTree = "<group>"; };
		CEE989012C21B5ED00870D32 /* Info.plist */ = {isa = PBXFileReference; lastKnownFileType = text.plist.xml; path = Info.plist; sourceTree = "<group>"; };
		CEE989092C22DB5500870D32 /* CoordinatorProtocol.swift */ = {isa = PBXFileReference; lastKnownFileType = sourcecode.swift; path = CoordinatorProtocol.swift; sourceTree = "<group>"; };
		CEE989102C230B9000870D32 /* DP_PhotoViewController.swift */ = {isa = PBXFileReference; lastKnownFileType = sourcecode.swift; path = DP_PhotoViewController.swift; sourceTree = "<group>"; };
		CEE989112C230B9000870D32 /* DP_PhotoViewController.xib */ = {isa = PBXFileReference; lastKnownFileType = file.xib; path = DP_PhotoViewController.xib; sourceTree = "<group>"; };
		CEE989152C230C6300870D32 /* DP_TabBarItem.swift */ = {isa = PBXFileReference; lastKnownFileType = sourcecode.swift; path = DP_TabBarItem.swift; sourceTree = "<group>"; };
		CEE989172C230CBD00870D32 /* DP_CustomTabBar.swift */ = {isa = PBXFileReference; lastKnownFileType = sourcecode.swift; path = DP_CustomTabBar.swift; sourceTree = "<group>"; };
		CEE9891A2C230D0B00870D32 /* Block.swift */ = {isa = PBXFileReference; lastKnownFileType = sourcecode.swift; path = Block.swift; sourceTree = "<group>"; };
		CEE9891D2C230D8300870D32 /* DP_Colors.swift */ = {isa = PBXFileReference; lastKnownFileType = sourcecode.swift; path = DP_Colors.swift; sourceTree = "<group>"; };
		CEE9891F2C230DD300870D32 /* UIColor+Extensions.swift */ = {isa = PBXFileReference; lastKnownFileType = sourcecode.swift; path = "UIColor+Extensions.swift"; sourceTree = "<group>"; };
		CEE989212C230F6A00870D32 /* DP_TabBarController.swift */ = {isa = PBXFileReference; lastKnownFileType = sourcecode.swift; path = DP_TabBarController.swift; sourceTree = "<group>"; };
		CEE989232C23105800870D32 /* DP_TabBarSelectedItem.swift */ = {isa = PBXFileReference; lastKnownFileType = sourcecode.swift; path = DP_TabBarSelectedItem.swift; sourceTree = "<group>"; };
		CEE989252C23116500870D32 /* DP_TabBarItemType.swift */ = {isa = PBXFileReference; lastKnownFileType = sourcecode.swift; path = DP_TabBarItemType.swift; sourceTree = "<group>"; };
		CEE989272C2311EA00870D32 /* DP_TabbarModels.swift */ = {isa = PBXFileReference; lastKnownFileType = sourcecode.swift; path = DP_TabbarModels.swift; sourceTree = "<group>"; };
		CEE9892A2C2314AA00870D32 /* DP_BaseViewController.swift */ = {isa = PBXFileReference; lastKnownFileType = sourcecode.swift; path = DP_BaseViewController.swift; sourceTree = "<group>"; };
		CEE9892D2C2315A100870D32 /* DP_BaseLoader.swift */ = {isa = PBXFileReference; lastKnownFileType = sourcecode.swift; path = DP_BaseLoader.swift; sourceTree = "<group>"; };
		CEE9892F2C23160100870D32 /* DP_TitleLabel.swift */ = {isa = PBXFileReference; lastKnownFileType = sourcecode.swift; path = DP_TitleLabel.swift; sourceTree = "<group>"; };
		CEE989322C23187400870D32 /* DP_PhotoCoordinator.swift */ = {isa = PBXFileReference; lastKnownFileType = sourcecode.swift; path = DP_PhotoCoordinator.swift; sourceTree = "<group>"; };
		CEE989362C231BAF00870D32 /* DP_StartCoordinator.swift */ = {isa = PBXFileReference; lastKnownFileType = sourcecode.swift; path = DP_StartCoordinator.swift; sourceTree = "<group>"; };
		CEE989392C242DD900870D32 /* DP_TextCoordinator.swift */ = {isa = PBXFileReference; lastKnownFileType = sourcecode.swift; path = DP_TextCoordinator.swift; sourceTree = "<group>"; };
		CEE9893C2C242E4D00870D32 /* DP_TextViewController.swift */ = {isa = PBXFileReference; lastKnownFileType = sourcecode.swift; path = DP_TextViewController.swift; sourceTree = "<group>"; };
		CEE9893D2C242E4D00870D32 /* DP_TextViewController.xib */ = {isa = PBXFileReference; lastKnownFileType = file.xib; path = DP_TextViewController.xib; sourceTree = "<group>"; };
		CEE989412C242F5E00870D32 /* DP_CameraCoordinator.swift */ = {isa = PBXFileReference; lastKnownFileType = sourcecode.swift; path = DP_CameraCoordinator.swift; sourceTree = "<group>"; };
		CEE989442C242FBD00870D32 /* DP_CameraViewController.swift */ = {isa = PBXFileReference; lastKnownFileType = sourcecode.swift; path = DP_CameraViewController.swift; sourceTree = "<group>"; };
		CEE989452C242FBD00870D32 /* DP_CameraViewController.xib */ = {isa = PBXFileReference; lastKnownFileType = file.xib; path = DP_CameraViewController.xib; sourceTree = "<group>"; };
		CEE9894A2C25B57000870D32 /* DP_VideoCaptureManager.swift */ = {isa = PBXFileReference; lastKnownFileType = sourcecode.swift; path = DP_VideoCaptureManager.swift; sourceTree = "<group>"; };
		CEE9894C2C25B6E000870D32 /* H264Encoder.swift */ = {isa = PBXFileReference; lastKnownFileType = sourcecode.swift; path = H264Encoder.swift; sourceTree = "<group>"; };
		CEE9894E2C26CA8B00870D32 /* DP_VideoManager.swift */ = {isa = PBXFileReference; lastKnownFileType = sourcecode.swift; path = DP_VideoManager.swift; sourceTree = "<group>"; };
		CEE989502C26CFC300870D32 /* DP_BroadCastLiveManager.swift */ = {isa = PBXFileReference; lastKnownFileType = sourcecode.swift; path = DP_BroadCastLiveManager.swift; sourceTree = "<group>"; };
		CEE989532C26D59500870D32 /* DP_FileManager.swift */ = {isa = PBXFileReference; lastKnownFileType = sourcecode.swift; path = DP_FileManager.swift; sourceTree = "<group>"; };
		CEE989552C26D5D500870D32 /* DP_DownLoad.swift */ = {isa = PBXFileReference; lastKnownFileType = sourcecode.swift; path = DP_DownLoad.swift; sourceTree = "<group>"; };
/* End PBXFileReference section */

/* Begin PBXFrameworksBuildPhase section */
		CEE988ED2C21B5EB00870D32 /* Frameworks */ = {
			isa = PBXFrameworksBuildPhase;
			buildActionMask = 2147483647;
			files = (
			);
			runOnlyForDeploymentPostprocessing = 0;
		};
/* End PBXFrameworksBuildPhase section */

/* Begin PBXGroup section */
		CE0771782C295A77002A95A3 /* Constants */ = {
			isa = PBXGroup;
			children = (
				CE0771792C295A84002A95A3 /* Preferences */,
				CE07718D2C297A22002A95A3 /* DP_ConstantId.swift */,
			);
			path = Constants;
			sourceTree = "<group>";
		};
		CE0771792C295A84002A95A3 /* Preferences */ = {
			isa = PBXGroup;
			children = (
				CE07717A2C295AAC002A95A3 /* DP_PreferencesProtocol.swift */,
				CE07717C2C295ACE002A95A3 /* DP_Preferences.swift */,
				CE07717E2C295B16002A95A3 /* DP_ConstantUserDefaultsKeys.swift */,
			);
			path = Preferences;
			sourceTree = "<group>";
		};
		CE0771842C296AEB002A95A3 /* Cell */ = {
			isa = PBXGroup;
			children = (
				CE0771852C296B88002A95A3 /* DP_PhotoCell.swift */,
				CE0771862C296B88002A95A3 /* DP_PhotoCell.xib */,
			);
			path = Cell;
			sourceTree = "<group>";
		};
		CEE988E72C21B5EB00870D32 = {
			isa = PBXGroup;
			children = (
				CEE988F22C21B5EB00870D32 /* Docs and Photo Translator */,
				CEE988F12C21B5EB00870D32 /* Products */,
			);
			sourceTree = "<group>";
		};
		CEE988F12C21B5EB00870D32 /* Products */ = {
			isa = PBXGroup;
			children = (
				CEE988F02C21B5EB00870D32 /* Docs and Photo Translator.app */,
			);
			name = Products;
			sourceTree = "<group>";
		};
		CEE988F22C21B5EB00870D32 /* Docs and Photo Translator */ = {
			isa = PBXGroup;
			children = (
				CE0771782C295A77002A95A3 /* Constants */,
				CEE9892C2C23154600870D32 /* CastomElements */,
				CEE9891C2C230D6500870D32 /* Models */,
				CEE989192C230CEB00870D32 /* Extension */,
				CEE9890D2C230B0600870D32 /* Controllers */,
				CEE989072C22DAFA00870D32 /* Services */,
				CEE988F32C21B5EB00870D32 /* AppDelegate.swift */,
				CEE988FC2C21B5ED00870D32 /* Assets.xcassets */,
				CEE988FE2C21B5ED00870D32 /* LaunchScreen.storyboard */,
				CEE989012C21B5ED00870D32 /* Info.plist */,
			);
			path = "Docs and Photo Translator";
			sourceTree = "<group>";
		};
		CEE989072C22DAFA00870D32 /* Services */ = {
			isa = PBXGroup;
			children = (
				CEE989482C25B53000870D32 /* Managers */,
				CEE989082C22DB0E00870D32 /* Coordinators */,
			);
			path = Services;
			sourceTree = "<group>";
		};
		CEE989082C22DB0E00870D32 /* Coordinators */ = {
			isa = PBXGroup;
			children = (
				CEE989402C242F3100870D32 /* CameraCoordinator */,
				CEE989382C242DAC00870D32 /* TextCoordinator */,
				CEE989342C231B6500870D32 /* StartCoordinator */,
				CEE989312C23184900870D32 /* PhotoCoordinator */,
				CEE989092C22DB5500870D32 /* CoordinatorProtocol.swift */,
			);
			path = Coordinators;
			sourceTree = "<group>";
		};
		CEE9890D2C230B0600870D32 /* Controllers */ = {
			isa = PBXGroup;
			children = (
				CEE989432C242F9A00870D32 /* Camera */,
				CEE989292C23149900870D32 /* Base */,
				CEE989142C230BE400870D32 /* TabBar */,
				CEE9890F2C230B2600870D32 /* Texts */,
				CEE9890E2C230B1300870D32 /* Photos */,
			);
			path = Controllers;
			sourceTree = "<group>";
		};
		CEE9890E2C230B1300870D32 /* Photos */ = {
			isa = PBXGroup;
			children = (
				CE0771842C296AEB002A95A3 /* Cell */,
				CEE989102C230B9000870D32 /* DP_PhotoViewController.swift */,
				CEE989112C230B9000870D32 /* DP_PhotoViewController.xib */,
				CE0771822C296793002A95A3 /* DP_PhotoTableManager.swift */,
				CE07718F2C297C08002A95A3 /* DP_PhotoHelper.swift */,
			);
			path = Photos;
			sourceTree = "<group>";
		};
		CEE9890F2C230B2600870D32 /* Texts */ = {
			isa = PBXGroup;
			children = (
				CEE9893C2C242E4D00870D32 /* DP_TextViewController.swift */,
				CEE9893D2C242E4D00870D32 /* DP_TextViewController.xib */,
			);
			path = Texts;
			sourceTree = "<group>";
		};
		CEE989142C230BE400870D32 /* TabBar */ = {
			isa = PBXGroup;
			children = (
				CEE989152C230C6300870D32 /* DP_TabBarItem.swift */,
				CEE989172C230CBD00870D32 /* DP_CustomTabBar.swift */,
				CEE989212C230F6A00870D32 /* DP_TabBarController.swift */,
				CEE989232C23105800870D32 /* DP_TabBarSelectedItem.swift */,
				CEE989252C23116500870D32 /* DP_TabBarItemType.swift */,
				CEE989272C2311EA00870D32 /* DP_TabbarModels.swift */,
			);
			path = TabBar;
			sourceTree = "<group>";
		};
		CEE989192C230CEB00870D32 /* Extension */ = {
			isa = PBXGroup;
			children = (
				CEE9891A2C230D0B00870D32 /* Block.swift */,
				CEE9891F2C230DD300870D32 /* UIColor+Extensions.swift */,
				CE0771892C29798E002A95A3 /* DP_ReusableCell.swift */,
				CE0771912C299C09002A95A3 /* Date+Extension.swift */,
			);
			path = Extension;
			sourceTree = "<group>";
		};
		CEE9891C2C230D6500870D32 /* Models */ = {
			isa = PBXGroup;
			children = (
				CEE9891D2C230D8300870D32 /* DP_Colors.swift */,
				CEE989552C26D5D500870D32 /* DP_DownLoad.swift */,
				CE07718B2C2979D4002A95A3 /* DP_PhotoModel.swift */,
			);
			path = Models;
			sourceTree = "<group>";
		};
		CEE989292C23149900870D32 /* Base */ = {
			isa = PBXGroup;
			children = (
				CEE9892A2C2314AA00870D32 /* DP_BaseViewController.swift */,
			);
			path = Base;
			sourceTree = "<group>";
		};
		CEE9892C2C23154600870D32 /* CastomElements */ = {
			isa = PBXGroup;
			children = (
				CEE9892D2C2315A100870D32 /* DP_BaseLoader.swift */,
				CEE9892F2C23160100870D32 /* DP_TitleLabel.swift */,
				CE0771932C29A10E002A95A3 /* DP_BaseCell.swift */,
			);
			path = CastomElements;
			sourceTree = "<group>";
		};
		CEE989312C23184900870D32 /* PhotoCoordinator */ = {
			isa = PBXGroup;
			children = (
				CEE989322C23187400870D32 /* DP_PhotoCoordinator.swift */,
			);
			path = PhotoCoordinator;
			sourceTree = "<group>";
		};
		CEE989342C231B6500870D32 /* StartCoordinator */ = {
			isa = PBXGroup;
			children = (
				CEE989362C231BAF00870D32 /* DP_StartCoordinator.swift */,
			);
			path = StartCoordinator;
			sourceTree = "<group>";
		};
		CEE989382C242DAC00870D32 /* TextCoordinator */ = {
			isa = PBXGroup;
			children = (
				CEE989392C242DD900870D32 /* DP_TextCoordinator.swift */,
			);
			path = TextCoordinator;
			sourceTree = "<group>";
		};
		CEE989402C242F3100870D32 /* CameraCoordinator */ = {
			isa = PBXGroup;
			children = (
				CEE989412C242F5E00870D32 /* DP_CameraCoordinator.swift */,
			);
			path = CameraCoordinator;
			sourceTree = "<group>";
		};
		CEE989432C242F9A00870D32 /* Camera */ = {
			isa = PBXGroup;
			children = (
				CEE989442C242FBD00870D32 /* DP_CameraViewController.swift */,
				CEE989452C242FBD00870D32 /* DP_CameraViewController.xib */,
				CE0771802C295D5A002A95A3 /* DP_CameraHelper.swift */,
			);
			path = Camera;
			sourceTree = "<group>";
		};
		CEE989482C25B53000870D32 /* Managers */ = {
			isa = PBXGroup;
			children = (
				CEE989522C26D57700870D32 /* FileManager */,
				CEE989492C25B54000870D32 /* VideoCaptureManager */,
			);
			path = Managers;
			sourceTree = "<group>";
		};
		CEE989492C25B54000870D32 /* VideoCaptureManager */ = {
			isa = PBXGroup;
			children = (
				CEE9894A2C25B57000870D32 /* DP_VideoCaptureManager.swift */,
				CEE9894C2C25B6E000870D32 /* H264Encoder.swift */,
				CEE9894E2C26CA8B00870D32 /* DP_VideoManager.swift */,
				CEE989502C26CFC300870D32 /* DP_BroadCastLiveManager.swift */,
			);
			path = VideoCaptureManager;
			sourceTree = "<group>";
		};
		CEE989522C26D57700870D32 /* FileManager */ = {
			isa = PBXGroup;
			children = (
				CEE989532C26D59500870D32 /* DP_FileManager.swift */,
			);
			path = FileManager;
			sourceTree = "<group>";
		};
/* End PBXGroup section */

/* Begin PBXNativeTarget section */
		CEE988EF2C21B5EB00870D32 /* Docs and Photo Translator */ = {
			isa = PBXNativeTarget;
			buildConfigurationList = CEE989042C21B5ED00870D32 /* Build configuration list for PBXNativeTarget "Docs and Photo Translator" */;
			buildPhases = (
				CEE988EC2C21B5EB00870D32 /* Sources */,
				CEE988ED2C21B5EB00870D32 /* Frameworks */,
				CEE988EE2C21B5EB00870D32 /* Resources */,
			);
			buildRules = (
			);
			dependencies = (
			);
			name = "Docs and Photo Translator";
			productName = "Docs and Photo Translator";
			productReference = CEE988F02C21B5EB00870D32 /* Docs and Photo Translator.app */;
			productType = "com.apple.product-type.application";
		};
/* End PBXNativeTarget section */

/* Begin PBXProject section */
		CEE988E82C21B5EB00870D32 /* Project object */ = {
			isa = PBXProject;
			attributes = {
				BuildIndependentTargetsInParallel = 1;
				LastSwiftUpdateCheck = 1420;
				LastUpgradeCheck = 1420;
				TargetAttributes = {
					CEE988EF2C21B5EB00870D32 = {
						CreatedOnToolsVersion = 14.2;
					};
				};
			};
			buildConfigurationList = CEE988EB2C21B5EB00870D32 /* Build configuration list for PBXProject "Docs and Photo Translator" */;
			compatibilityVersion = "Xcode 14.0";
			developmentRegion = en;
			hasScannedForEncodings = 0;
			knownRegions = (
				en,
				Base,
			);
			mainGroup = CEE988E72C21B5EB00870D32;
			productRefGroup = CEE988F12C21B5EB00870D32 /* Products */;
			projectDirPath = "";
			projectRoot = "";
			targets = (
				CEE988EF2C21B5EB00870D32 /* Docs and Photo Translator */,
			);
		};
/* End PBXProject section */

/* Begin PBXResourcesBuildPhase section */
		CEE988EE2C21B5EB00870D32 /* Resources */ = {
			isa = PBXResourcesBuildPhase;
			buildActionMask = 2147483647;
			files = (
				CE0771882C296B88002A95A3 /* DP_PhotoCell.xib in Resources */,
				CEE989002C21B5ED00870D32 /* LaunchScreen.storyboard in Resources */,
				CEE989472C242FBD00870D32 /* DP_CameraViewController.xib in Resources */,
				CEE9893F2C242E4D00870D32 /* DP_TextViewController.xib in Resources */,
				CEE988FD2C21B5ED00870D32 /* Assets.xcassets in Resources */,
				CEE989132C230B9000870D32 /* DP_PhotoViewController.xib in Resources */,
			);
			runOnlyForDeploymentPostprocessing = 0;
		};
/* End PBXResourcesBuildPhase section */

/* Begin PBXSourcesBuildPhase section */
		CEE988EC2C21B5EB00870D32 /* Sources */ = {
			isa = PBXSourcesBuildPhase;
			buildActionMask = 2147483647;
			files = (
				CEE989162C230C6300870D32 /* DP_TabBarItem.swift in Sources */,
				CEE989512C26CFC300870D32 /* DP_BroadCastLiveManager.swift in Sources */,
				CEE989422C242F5E00870D32 /* DP_CameraCoordinator.swift in Sources */,
				CEE9894D2C25B6E000870D32 /* H264Encoder.swift in Sources */,
				CEE9891B2C230D0B00870D32 /* Block.swift in Sources */,
				CEE989462C242FBD00870D32 /* DP_CameraViewController.swift in Sources */,
				CE07717B2C295AAC002A95A3 /* DP_PreferencesProtocol.swift in Sources */,
				CEE989302C23160100870D32 /* DP_TitleLabel.swift in Sources */,
				CE07718E2C297A22002A95A3 /* DP_ConstantId.swift in Sources */,
				CEE989542C26D59500870D32 /* DP_FileManager.swift in Sources */,
				CEE989242C23105800870D32 /* DP_TabBarSelectedItem.swift in Sources */,
				CE07718A2C29798E002A95A3 /* DP_ReusableCell.swift in Sources */,
				CE0771902C297C08002A95A3 /* DP_PhotoHelper.swift in Sources */,
				CEE989332C23187400870D32 /* DP_PhotoCoordinator.swift in Sources */,
				CE0771812C295D5A002A95A3 /* DP_CameraHelper.swift in Sources */,
				CEE989282C2311EA00870D32 /* DP_TabbarModels.swift in Sources */,
				CEE989182C230CBD00870D32 /* DP_CustomTabBar.swift in Sources */,
				CE0771922C299C09002A95A3 /* Date+Extension.swift in Sources */,
				CEE988F42C21B5EB00870D32 /* AppDelegate.swift in Sources */,
				CEE9894B2C25B57000870D32 /* DP_VideoCaptureManager.swift in Sources */,
				CE0771942C29A10E002A95A3 /* DP_BaseCell.swift in Sources */,
				CEE989562C26D5D500870D32 /* DP_DownLoad.swift in Sources */,
				CE07717D2C295ACE002A95A3 /* DP_Preferences.swift in Sources */,
				CEE9890A2C22DB5500870D32 /* CoordinatorProtocol.swift in Sources */,
				CEE989122C230B9000870D32 /* DP_PhotoViewController.swift in Sources */,
				CEE9892B2C2314AA00870D32 /* DP_BaseViewController.swift in Sources */,
				CE0771832C296793002A95A3 /* DP_PhotoTableManager.swift in Sources */,
				CE07717F2C295B16002A95A3 /* DP_ConstantUserDefaultsKeys.swift in Sources */,
				CEE9892E2C2315A100870D32 /* DP_BaseLoader.swift in Sources */,
				CEE9893E2C242E4D00870D32 /* DP_TextViewController.swift in Sources */,
				CEE989222C230F6A00870D32 /* DP_TabBarController.swift in Sources */,
				CEE9893A2C242DD900870D32 /* DP_TextCoordinator.swift in Sources */,
				CEE989202C230DD300870D32 /* UIColor+Extensions.swift in Sources */,
				CE07718C2C2979D4002A95A3 /* DP_PhotoModel.swift in Sources */,
				CEE989372C231BAF00870D32 /* DP_StartCoordinator.swift in Sources */,
				CEE9894F2C26CA8B00870D32 /* DP_VideoManager.swift in Sources */,
				CEE989262C23116500870D32 /* DP_TabBarItemType.swift in Sources */,
				CEE9891E2C230D8300870D32 /* DP_Colors.swift in Sources */,
				CE0771872C296B88002A95A3 /* DP_PhotoCell.swift in Sources */,
			);
			runOnlyForDeploymentPostprocessing = 0;
		};
/* End PBXSourcesBuildPhase section */

/* Begin PBXVariantGroup section */
		CEE988FE2C21B5ED00870D32 /* LaunchScreen.storyboard */ = {
			isa = PBXVariantGroup;
			children = (
				CEE988FF2C21B5ED00870D32 /* Base */,
			);
			name = LaunchScreen.storyboard;
			sourceTree = "<group>";
		};
/* End PBXVariantGroup section */

/* Begin XCBuildConfiguration section */
		CEE989022C21B5ED00870D32 /* Debug */ = {
			isa = XCBuildConfiguration;
			buildSettings = {
				ALWAYS_SEARCH_USER_PATHS = NO;
				CLANG_ANALYZER_NONNULL = YES;
				CLANG_ANALYZER_NUMBER_OBJECT_CONVERSION = YES_AGGRESSIVE;
				CLANG_CXX_LANGUAGE_STANDARD = "gnu++20";
				CLANG_ENABLE_MODULES = YES;
				CLANG_ENABLE_OBJC_ARC = YES;
				CLANG_ENABLE_OBJC_WEAK = YES;
				CLANG_WARN_BLOCK_CAPTURE_AUTORELEASING = YES;
				CLANG_WARN_BOOL_CONVERSION = YES;
				CLANG_WARN_COMMA = YES;
				CLANG_WARN_CONSTANT_CONVERSION = YES;
				CLANG_WARN_DEPRECATED_OBJC_IMPLEMENTATIONS = YES;
				CLANG_WARN_DIRECT_OBJC_ISA_USAGE = YES_ERROR;
				CLANG_WARN_DOCUMENTATION_COMMENTS = YES;
				CLANG_WARN_EMPTY_BODY = YES;
				CLANG_WARN_ENUM_CONVERSION = YES;
				CLANG_WARN_INFINITE_RECURSION = YES;
				CLANG_WARN_INT_CONVERSION = YES;
				CLANG_WARN_NON_LITERAL_NULL_CONVERSION = YES;
				CLANG_WARN_OBJC_IMPLICIT_RETAIN_SELF = YES;
				CLANG_WARN_OBJC_LITERAL_CONVERSION = YES;
				CLANG_WARN_OBJC_ROOT_CLASS = YES_ERROR;
				CLANG_WARN_QUOTED_INCLUDE_IN_FRAMEWORK_HEADER = YES;
				CLANG_WARN_RANGE_LOOP_ANALYSIS = YES;
				CLANG_WARN_STRICT_PROTOTYPES = YES;
				CLANG_WARN_SUSPICIOUS_MOVE = YES;
				CLANG_WARN_UNGUARDED_AVAILABILITY = YES_AGGRESSIVE;
				CLANG_WARN_UNREACHABLE_CODE = YES;
				CLANG_WARN__DUPLICATE_METHOD_MATCH = YES;
				COPY_PHASE_STRIP = NO;
				DEBUG_INFORMATION_FORMAT = dwarf;
				ENABLE_STRICT_OBJC_MSGSEND = YES;
				ENABLE_TESTABILITY = YES;
				GCC_C_LANGUAGE_STANDARD = gnu11;
				GCC_DYNAMIC_NO_PIC = NO;
				GCC_NO_COMMON_BLOCKS = YES;
				GCC_OPTIMIZATION_LEVEL = 0;
				GCC_PREPROCESSOR_DEFINITIONS = (
					"DEBUG=1",
					"$(inherited)",
				);
				GCC_WARN_64_TO_32_BIT_CONVERSION = YES;
				GCC_WARN_ABOUT_RETURN_TYPE = YES_ERROR;
				GCC_WARN_UNDECLARED_SELECTOR = YES;
				GCC_WARN_UNINITIALIZED_AUTOS = YES_AGGRESSIVE;
				GCC_WARN_UNUSED_FUNCTION = YES;
				GCC_WARN_UNUSED_VARIABLE = YES;
				IPHONEOS_DEPLOYMENT_TARGET = 15.0;
				MTL_ENABLE_DEBUG_INFO = INCLUDE_SOURCE;
				MTL_FAST_MATH = YES;
				ONLY_ACTIVE_ARCH = YES;
				SDKROOT = iphoneos;
				SWIFT_ACTIVE_COMPILATION_CONDITIONS = DEBUG;
				SWIFT_OPTIMIZATION_LEVEL = "-Onone";
			};
			name = Debug;
		};
		CEE989032C21B5ED00870D32 /* Release */ = {
			isa = XCBuildConfiguration;
			buildSettings = {
				ALWAYS_SEARCH_USER_PATHS = NO;
				CLANG_ANALYZER_NONNULL = YES;
				CLANG_ANALYZER_NUMBER_OBJECT_CONVERSION = YES_AGGRESSIVE;
				CLANG_CXX_LANGUAGE_STANDARD = "gnu++20";
				CLANG_ENABLE_MODULES = YES;
				CLANG_ENABLE_OBJC_ARC = YES;
				CLANG_ENABLE_OBJC_WEAK = YES;
				CLANG_WARN_BLOCK_CAPTURE_AUTORELEASING = YES;
				CLANG_WARN_BOOL_CONVERSION = YES;
				CLANG_WARN_COMMA = YES;
				CLANG_WARN_CONSTANT_CONVERSION = YES;
				CLANG_WARN_DEPRECATED_OBJC_IMPLEMENTATIONS = YES;
				CLANG_WARN_DIRECT_OBJC_ISA_USAGE = YES_ERROR;
				CLANG_WARN_DOCUMENTATION_COMMENTS = YES;
				CLANG_WARN_EMPTY_BODY = YES;
				CLANG_WARN_ENUM_CONVERSION = YES;
				CLANG_WARN_INFINITE_RECURSION = YES;
				CLANG_WARN_INT_CONVERSION = YES;
				CLANG_WARN_NON_LITERAL_NULL_CONVERSION = YES;
				CLANG_WARN_OBJC_IMPLICIT_RETAIN_SELF = YES;
				CLANG_WARN_OBJC_LITERAL_CONVERSION = YES;
				CLANG_WARN_OBJC_ROOT_CLASS = YES_ERROR;
				CLANG_WARN_QUOTED_INCLUDE_IN_FRAMEWORK_HEADER = YES;
				CLANG_WARN_RANGE_LOOP_ANALYSIS = YES;
				CLANG_WARN_STRICT_PROTOTYPES = YES;
				CLANG_WARN_SUSPICIOUS_MOVE = YES;
				CLANG_WARN_UNGUARDED_AVAILABILITY = YES_AGGRESSIVE;
				CLANG_WARN_UNREACHABLE_CODE = YES;
				CLANG_WARN__DUPLICATE_METHOD_MATCH = YES;
				COPY_PHASE_STRIP = NO;
				DEBUG_INFORMATION_FORMAT = "dwarf-with-dsym";
				ENABLE_NS_ASSERTIONS = NO;
				ENABLE_STRICT_OBJC_MSGSEND = YES;
				GCC_C_LANGUAGE_STANDARD = gnu11;
				GCC_NO_COMMON_BLOCKS = YES;
				GCC_WARN_64_TO_32_BIT_CONVERSION = YES;
				GCC_WARN_ABOUT_RETURN_TYPE = YES_ERROR;
				GCC_WARN_UNDECLARED_SELECTOR = YES;
				GCC_WARN_UNINITIALIZED_AUTOS = YES_AGGRESSIVE;
				GCC_WARN_UNUSED_FUNCTION = YES;
				GCC_WARN_UNUSED_VARIABLE = YES;
				IPHONEOS_DEPLOYMENT_TARGET = 15.0;
				MTL_ENABLE_DEBUG_INFO = NO;
				MTL_FAST_MATH = YES;
				SDKROOT = iphoneos;
				SWIFT_COMPILATION_MODE = wholemodule;
				SWIFT_OPTIMIZATION_LEVEL = "-O";
				VALIDATE_PRODUCT = YES;
			};
			name = Release;
		};
		CEE989052C21B5ED00870D32 /* Debug */ = {
			isa = XCBuildConfiguration;
			buildSettings = {
				ASSETCATALOG_COMPILER_APPICON_NAME = AppIcon;
				ASSETCATALOG_COMPILER_GLOBAL_ACCENT_COLOR_NAME = AccentColor;
				CODE_SIGN_STYLE = Automatic;
				CURRENT_PROJECT_VERSION = 1;
				DEVELOPMENT_TEAM = 364PACBHLP;
				GENERATE_INFOPLIST_FILE = YES;
				INFOPLIST_FILE = "Docs and Photo Translator/Info.plist";
				INFOPLIST_KEY_UIApplicationSupportsIndirectInputEvents = YES;
				INFOPLIST_KEY_UILaunchStoryboardName = LaunchScreen;
				INFOPLIST_KEY_UISupportedInterfaceOrientations_iPad = "UIInterfaceOrientationPortrait UIInterfaceOrientationPortraitUpsideDown UIInterfaceOrientationLandscapeLeft UIInterfaceOrientationLandscapeRight";
				INFOPLIST_KEY_UISupportedInterfaceOrientations_iPhone = "UIInterfaceOrientationPortrait UIInterfaceOrientationLandscapeLeft UIInterfaceOrientationLandscapeRight";
				IPHONEOS_DEPLOYMENT_TARGET = 15.0;
				LD_RUNPATH_SEARCH_PATHS = (
					"$(inherited)",
					"@executable_path/Frameworks",
				);
				MARKETING_VERSION = 1.0;
				PRODUCT_BUNDLE_IDENTIFIER = "com.Docs-and-Photo-Translator";
				PRODUCT_NAME = "$(TARGET_NAME)";
				SWIFT_EMIT_LOC_STRINGS = YES;
				SWIFT_VERSION = 5.0;
				TARGETED_DEVICE_FAMILY = "1,2";
			};
			name = Debug;
		};
		CEE989062C21B5ED00870D32 /* Release */ = {
			isa = XCBuildConfiguration;
			buildSettings = {
				ASSETCATALOG_COMPILER_APPICON_NAME = AppIcon;
				ASSETCATALOG_COMPILER_GLOBAL_ACCENT_COLOR_NAME = AccentColor;
				CODE_SIGN_STYLE = Automatic;
				CURRENT_PROJECT_VERSION = 1;
				DEVELOPMENT_TEAM = 364PACBHLP;
				GENERATE_INFOPLIST_FILE = YES;
				INFOPLIST_FILE = "Docs and Photo Translator/Info.plist";
				INFOPLIST_KEY_UIApplicationSupportsIndirectInputEvents = YES;
				INFOPLIST_KEY_UILaunchStoryboardName = LaunchScreen;
				INFOPLIST_KEY_UISupportedInterfaceOrientations_iPad = "UIInterfaceOrientationPortrait UIInterfaceOrientationPortraitUpsideDown UIInterfaceOrientationLandscapeLeft UIInterfaceOrientationLandscapeRight";
				INFOPLIST_KEY_UISupportedInterfaceOrientations_iPhone = "UIInterfaceOrientationPortrait UIInterfaceOrientationLandscapeLeft UIInterfaceOrientationLandscapeRight";
				IPHONEOS_DEPLOYMENT_TARGET = 15.0;
				LD_RUNPATH_SEARCH_PATHS = (
					"$(inherited)",
					"@executable_path/Frameworks",
				);
				MARKETING_VERSION = 1.0;
				PRODUCT_BUNDLE_IDENTIFIER = "com.Docs-and-Photo-Translator";
				PRODUCT_NAME = "$(TARGET_NAME)";
				SWIFT_EMIT_LOC_STRINGS = YES;
				SWIFT_VERSION = 5.0;
				TARGETED_DEVICE_FAMILY = "1,2";
			};
			name = Release;
		};
/* End XCBuildConfiguration section */

/* Begin XCConfigurationList section */
		CEE988EB2C21B5EB00870D32 /* Build configuration list for PBXProject "Docs and Photo Translator" */ = {
			isa = XCConfigurationList;
			buildConfigurations = (
				CEE989022C21B5ED00870D32 /* Debug */,
				CEE989032C21B5ED00870D32 /* Release */,
			);
			defaultConfigurationIsVisible = 0;
			defaultConfigurationName = Release;
		};
		CEE989042C21B5ED00870D32 /* Build configuration list for PBXNativeTarget "Docs and Photo Translator" */ = {
			isa = XCConfigurationList;
			buildConfigurations = (
				CEE989052C21B5ED00870D32 /* Debug */,
				CEE989062C21B5ED00870D32 /* Release */,
			);
			defaultConfigurationIsVisible = 0;
			defaultConfigurationName = Release;
		};
/* End XCConfigurationList section */
	};
	rootObject = CEE988E82C21B5EB00870D32 /* Project object */;
}
